
Microsoft Visual Studio Solution File, Format Version 12.00
# Visual Studio Version 16
VisualStudioVersion = 16.0.31129.286
MinimumVisualStudioVersion = 10.0.40219.1
Project("{FAE04EC0-301F-11D3-BF4B-00C04F79EFBC}") = "DDA Algorithm", "DDA Algorithm\DDA Algorithm.csproj", "{8C034CB0-FA30-42BC-B8FA-12213CAA6566}"
EndProject
Global
	GlobalSection(SolutionConfigurationPlatforms) = preSolution
		Debug|Any CPU = Debug|Any CPU
		Release|Any CPU = Release|Any CPU
	EndGlobalSection
	GlobalSection(ProjectConfigurationPlatforms) = postSolution
		{8C034CB0-FA30-42BC-B8FA-12213CAA6566}.Debug|Any CPU.ActiveCfg = Debug|Any CPU
		{8C034CB0-FA30-42BC-B8FA-12213CAA6566}.Debug|Any CPU.Build.0 = Debug|Any CPU
		{8C034CB0-FA30-42BC-B8FA-12213CAA6566}.Release|Any CPU.ActiveCfg = Release|Any CPU
		{8C034CB0-FA30-42BC-B8FA-12213CAA6566}.Release|Any CPU.Build.0 = Release|Any CPU
	EndGlobalSection
	GlobalSection(SolutionProperties) = preSolution
		HideSolutionNode = FALSE
	EndGlobalSection
	GlobalSection(ExtensibilityGlobals) = postSolution
		SolutionGuid = {ED9B9C3B-F44B-4257-B900-E6E9C61F90BC}
	EndGlobalSection
EndGlobal
